
Microsoft Visual Studio Solution File, Format Version 12.00
# Visual Studio Version 17
VisualStudioVersion = 17.0.32014.148
MinimumVisualStudioVersion = 10.0.40219.1
Project("{8BC9CEB8-8B4A-11D0-8D11-00A0C91BC942}") = "ChatApp", "ChatApp.vcxproj", "{38985D25-6CDA-4DFA-9BE8-5AEBF1DC4E44}"
EndProject
Global
	GlobalSection(SolutionConfigurationPlatforms) = preSolution
		Debug|x64 = Debug|x64
		Release|x64 = Release|x64
	EndGlobalSection
	GlobalSection(ProjectConfigurationPlatforms) = postSolution
		{38985D25-6CDA-4DFA-9BE8-5AEBF1DC4E44}.Debug|x64.ActiveCfg = Debug|x64
		{38985D25-6CDA-4DFA-9BE8-5AEBF1DC4E44}.Debug|x64.Build.0 = Debug|x64
		{38985D25-6CDA-4DFA-9BE8-5AEBF1DC4E44}.Release|x64.ActiveCfg = Release|x64
		{38985D25-6CDA-4DFA-9BE8-5AEBF1DC4E44}.Release|x64.Build.0 = Release|x64
	EndGlobalSection
	GlobalSection(SolutionProperties) = preSolution
		HideSolutionNode = FALSE
	EndGlobalSection
	GlobalSection(ExtensibilityGlobals) = postSolution
		SolutionGuid = {DE5E460B-45FA-45D2-ABD6-1058B03B13D4}
	EndGlobalSection
EndGlobal
